
Microsoft Visual Studio Solution File, Format Version 12.00
# Visual Studio 15
VisualStudioVersion = 15.0.27703.2018
MinimumVisualStudioVersion = 10.0.40219.1
Project("{FAE04EC0-301F-11D3-BF4B-00C04F79EFBC}") = "ClassLibrary1", "ClassLibrary1\ClassLibrary1.csproj", "{DECD659C-314B-4877-8327-42A22BAE626A}"
EndProject
Project("{FAE04EC0-301F-11D3-BF4B-00C04F79EFBC}") = "ConsoleAppCore", "ConsoleAppCore\ConsoleAppCore.csproj", "{7FD2DD95-6EC2-436B-AA87-7827D760DB05}"
EndProject
Project("{FAE04EC0-301F-11D3-BF4B-00C04F79EFBC}") = "ConsoleAppFramework", "ConsoleAppFramework\ConsoleAppFramework.csproj", "{6C7A7F4E-5914-43B6-9D40-AB3FF64DB49A}"
EndProject
Global
	GlobalSection(SolutionConfigurationPlatforms) = preSolution
		Debug|Any CPU = Debug|Any CPU
		Release|Any CPU = Release|Any CPU
	EndGlobalSection
	GlobalSection(ProjectConfigurationPlatforms) = postSolution
		{DECD659C-314B-4877-8327-42A22BAE626A}.Debug|Any CPU.ActiveCfg = Debug|Any CPU
		{DECD659C-314B-4877-8327-42A22BAE626A}.Debug|Any CPU.Build.0 = Debug|Any CPU
		{DECD659C-314B-4877-8327-42A22BAE626A}.Release|Any CPU.ActiveCfg = Release|Any CPU
		{DECD659C-314B-4877-8327-42A22BAE626A}.Release|Any CPU.Build.0 = Release|Any CPU
		{7FD2DD95-6EC2-436B-AA87-7827D760DB05}.Debug|Any CPU.ActiveCfg = Debug|Any CPU
		{7FD2DD95-6EC2-436B-AA87-7827D760DB05}.Debug|Any CPU.Build.0 = Debug|Any CPU
		{7FD2DD95-6EC2-436B-AA87-7827D760DB05}.Release|Any CPU.ActiveCfg = Release|Any CPU
		{7FD2DD95-6EC2-436B-AA87-7827D760DB05}.Release|Any CPU.Build.0 = Release|Any CPU
		{6C7A7F4E-5914-43B6-9D40-AB3FF64DB49A}.Debug|Any CPU.ActiveCfg = Debug|Any CPU
		{6C7A7F4E-5914-43B6-9D40-AB3FF64DB49A}.Debug|Any CPU.Build.0 = Debug|Any CPU
		{6C7A7F4E-5914-43B6-9D40-AB3FF64DB49A}.Release|Any CPU.ActiveCfg = Release|Any CPU
		{6C7A7F4E-5914-43B6-9D40-AB3FF64DB49A}.Release|Any CPU.Build.0 = Release|Any CPU
	EndGlobalSection
	GlobalSection(SolutionProperties) = preSolution
		HideSolutionNode = FALSE
	EndGlobalSection
	GlobalSection(ExtensibilityGlobals) = postSolution
		SolutionGuid = {914A9A99-0CE0-43BA-9763-706E37483390}
	EndGlobalSection
EndGlobal
